
Microsoft Visual Studio Solution File, Format Version 12.00
# Visual Studio Version 16
VisualStudioVersion = 16.0.31205.134
MinimumVisualStudioVersion = 10.0.40219.1
Project("{8BC9CEB8-8B4A-11D0-8D11-00A0C91BC942}") = "Sandbox", "Sandbox\Sandbox.vcxproj", "{AEC4F8D8-AB22-41DD-9335-D8602E244C61}"
EndProject
Project("{8BC9CEB8-8B4A-11D0-8D11-00A0C91BC942}") = "Stein", "Stein\Stein.vcxproj", "{659B8EC4-9A34-40A4-BFC7-D600C767D178}"
EndProject
Global
	GlobalSection(SolutionConfigurationPlatforms) = preSolution
		Debug|x64 = Debug|x64
		Debug|x86 = Debug|x86
		Release|x64 = Release|x64
		Release|x86 = Release|x86
	EndGlobalSection
	GlobalSection(ProjectConfigurationPlatforms) = postSolution
		{659B8EC4-9A34-40A4-BFC7-D600C767D178}.Debug|x64.ActiveCfg = Debug|x64
		{659B8EC4-9A34-40A4-BFC7-D600C767D178}.Debug|x64.Build.0 = Debug|x64
		{659B8EC4-9A34-40A4-BFC7-D600C767D178}.Debug|x86.ActiveCfg = Debug|Win32
		{659B8EC4-9A34-40A4-BFC7-D600C767D178}.Debug|x86.Build.0 = Debug|Win32
		{659B8EC4-9A34-40A4-BFC7-D600C767D178}.Release|x64.ActiveCfg = Release|x64
		{659B8EC4-9A34-40A4-BFC7-D600C767D178}.Release|x64.Build.0 = Release|x64
		{659B8EC4-9A34-40A4-BFC7-D600C767D178}.Release|x86.ActiveCfg = Release|Win32
		{659B8EC4-9A34-40A4-BFC7-D600C767D178}.Release|x86.Build.0 = Release|Win32
		{AEC4F8D8-AB22-41DD-9335-D8602E244C61}.Debug|x64.ActiveCfg = Debug|x64
		{AEC4F8D8-AB22-41DD-9335-D8602E244C61}.Debug|x64.Build.0 = Debug|x64
		{AEC4F8D8-AB22-41DD-9335-D8602E244C61}.Debug|x86.ActiveCfg = Debug|Win32
		{AEC4F8D8-AB22-41DD-9335-D8602E244C61}.Debug|x86.Build.0 = Debug|Win32
		{AEC4F8D8-AB22-41DD-9335-D8602E244C61}.Release|x64.ActiveCfg = Release|x64
		{AEC4F8D8-AB22-41DD-9335-D8602E244C61}.Release|x64.Build.0 = Release|x64
		{AEC4F8D8-AB22-41DD-9335-D8602E244C61}.Release|x86.ActiveCfg = Release|Win32
		{AEC4F8D8-AB22-41DD-9335-D8602E244C61}.Release|x86.Build.0 = Release|Win32
	EndGlobalSection
	GlobalSection(SolutionProperties) = preSolution
		HideSolutionNode = FALSE
	EndGlobalSection
	GlobalSection(ExtensibilityGlobals) = postSolution
		SolutionGuid = {4799C512-667A-4F79-A1A0-633185C142BD}
	EndGlobalSection
EndGlobal
