<?xml version="1.0" encoding="utf-8"?>
<Project ToolsVersion="4.0" xmlns="http://schemas.microsoft.com/developer/msbuild/2003">
  <ItemGroup>
    <Filter Include="Stein">
      <UniqueIdentifier>{88491E0E-F45D-46BF-BDDF-E91E29B342F0}</UniqueIdentifier>
    </Filter>
  </ItemGroup>
  <ItemGroup>
    <ClInclude Include="src\Stein.h" />
    <ClInclude Include="src\Stein\Application.h">
      <Filter>Stein</Filter>
    </ClInclude>
    <ClInclude Include="src\Stein\Core.h">
      <Filter>Stein</Filter>
    </ClInclude>
    <ClInclude Include="src\Stein\EntryPoint.h">
      <Filter>Stein</Filter>
    </ClInclude>
    <ClInclude Include="src\Stein\Log.h">
      <Filter>Stein</Filter>
    </ClInclude>
  </ItemGroup>
  <ItemGroup>
    <ClCompile Include="src\Stein\Application.cpp">
      <Filter>Stein</Filter>
    </ClCompile>
    <ClCompile Include="src\Stein\Log.cpp">
      <Filter>Stein</Filter>
    </ClCompile>
  </ItemGroup>
</Project>